
Microsoft Visual Studio Solution File, Format Version 12.00
# Visual Studio 14
VisualStudioVersion = 14.0.25123.0
MinimumVisualStudioVersion = 10.0.40219.1
Project("{8BC9CEB8-8B4A-11D0-8D11-00A0C91BC942}") = "02OggFile", "examples\02OggFile\02OggFile.vcxproj", "{BE37B60D-A4A5-4C98-8A4C-FD313C8FFFE2}"
	ProjectSection(ProjectDependencies) = postProject
		{82E7EDB5-CD36-4A73-B561-CD8863AA941F} = {82E7EDB5-CD36-4A73-B561-CD8863AA941F}
	EndProjectSection
EndProject
Project("{8BC9CEB8-8B4A-11D0-8D11-00A0C91BC942}") = "01WavFile", "examples\01WavFile\01WavFile.vcxproj", "{2DC8A03F-1C93-43C8-AD0A-DED48922A864}"
	ProjectSection(ProjectDependencies) = postProject
		{82E7EDB5-CD36-4A73-B561-CD8863AA941F} = {82E7EDB5-CD36-4A73-B561-CD8863AA941F}
	EndProjectSection
EndProject
Project("{8BC9CEB8-8B4A-11D0-8D11-00A0C91BC942}") = "03Properties", "examples\03Properties\03Properties.vcxproj", "{565E11A9-7842-4028-9E12-D0390277D19C}"
	ProjectSection(ProjectDependencies) = postProject
		{82E7EDB5-CD36-4A73-B561-CD8863AA941F} = {82E7EDB5-CD36-4A73-B561-CD8863AA941F}
	EndProjectSection
EndProject
Project("{8BC9CEB8-8B4A-11D0-8D11-00A0C91BC942}") = "TinyOAL_Net", "TinyOAL_Net\TinyOAL_Net.vcxproj", "{D1EFDE3F-3336-494F-9732-47A0F84BE22F}"
	ProjectSection(ProjectDependencies) = postProject
		{82E7EDB5-CD36-4A73-B561-CD8863AA941F} = {82E7EDB5-CD36-4A73-B561-CD8863AA941F}
	EndProjectSection
EndProject
Project("{8BC9CEB8-8B4A-11D0-8D11-00A0C91BC942}") = "04Mp3File", "examples\04Mp3File\04Mp3File.vcxproj", "{A1F7C22D-9491-4614-8EDB-609784C8EC5F}"
	ProjectSection(ProjectDependencies) = postProject
		{82E7EDB5-CD36-4A73-B561-CD8863AA941F} = {82E7EDB5-CD36-4A73-B561-CD8863AA941F}
	EndProjectSection
EndProject
Project("{8BC9CEB8-8B4A-11D0-8D11-00A0C91BC942}") = "LoopUtility", "examples\LoopUtility\LoopUtility.vcxproj", "{EC996101-E15D-4744-BCD3-2370A0BDD21A}"
	ProjectSection(ProjectDependencies) = postProject
		{82E7EDB5-CD36-4A73-B561-CD8863AA941F} = {82E7EDB5-CD36-4A73-B561-CD8863AA941F}
	EndProjectSection
EndProject
Project("{FAE04EC0-301F-11D3-BF4B-00C04F79EFBC}") = "06Managed", "examples\06Managed\06Managed.csproj", "{15D93BEF-2F4E-4CAB-92B0-373E70072681}"
	ProjectSection(ProjectDependencies) = postProject
		{D1EFDE3F-3336-494F-9732-47A0F84BE22F} = {D1EFDE3F-3336-494F-9732-47A0F84BE22F}
	EndProjectSection
EndProject
Project("{8BC9CEB8-8B4A-11D0-8D11-00A0C91BC942}") = "05FlacFile", "examples\05FlacFile\05FlacFile.vcxproj", "{6AA96158-470B-4EF2-B397-A7BB1F98783C}"
	ProjectSection(ProjectDependencies) = postProject
		{82E7EDB5-CD36-4A73-B561-CD8863AA941F} = {82E7EDB5-CD36-4A73-B561-CD8863AA941F}
	EndProjectSection
EndProject
Project("{8BC9CEB8-8B4A-11D0-8D11-00A0C91BC942}") = "00Testbed", "examples\00Testbed\00Testbed.vcxproj", "{09F48454-B32E-42E5-8000-ACD70237B72A}"
	ProjectSection(ProjectDependencies) = postProject
		{82E7EDB5-CD36-4A73-B561-CD8863AA941F} = {82E7EDB5-CD36-4A73-B561-CD8863AA941F}
	EndProjectSection
EndProject
Project("{8BC9CEB8-8B4A-11D0-8D11-00A0C91BC942}") = "07M4AFile", "examples\07M4AFile\07M4AFile.vcxproj", "{D6EB1641-656F-4AEE-936C-491AAD48B1B5}"
	ProjectSection(ProjectDependencies) = postProject
		{82E7EDB5-CD36-4A73-B561-CD8863AA941F} = {82E7EDB5-CD36-4A73-B561-CD8863AA941F}
	EndProjectSection
EndProject
Project("{8BC9CEB8-8B4A-11D0-8D11-00A0C91BC942}") = "TinyOAL", "TinyOAL\TinyOAL.vcxproj", "{82E7EDB5-CD36-4A73-B561-CD8863AA941F}"
EndProject
Global
	GlobalSection(SolutionConfigurationPlatforms) = preSolution
		Debug|Win32 = Debug|Win32
		Debug|x64 = Debug|x64
		Release|Win32 = Release|Win32
		Release|x64 = Release|x64
	EndGlobalSection
	GlobalSection(ProjectConfigurationPlatforms) = postSolution
		{BE37B60D-A4A5-4C98-8A4C-FD313C8FFFE2}.Debug|Win32.ActiveCfg = Debug|Win32
		{BE37B60D-A4A5-4C98-8A4C-FD313C8FFFE2}.Debug|Win32.Build.0 = Debug|Win32
		{BE37B60D-A4A5-4C98-8A4C-FD313C8FFFE2}.Debug|x64.ActiveCfg = Debug|x64
		{BE37B60D-A4A5-4C98-8A4C-FD313C8FFFE2}.Debug|x64.Build.0 = Debug|x64
		{BE37B60D-A4A5-4C98-8A4C-FD313C8FFFE2}.Release|Win32.ActiveCfg = Release|Win32
		{BE37B60D-A4A5-4C98-8A4C-FD313C8FFFE2}.Release|Win32.Build.0 = Release|Win32
		{BE37B60D-A4A5-4C98-8A4C-FD313C8FFFE2}.Release|x64.ActiveCfg = Release|x64
		{BE37B60D-A4A5-4C98-8A4C-FD313C8FFFE2}.Release|x64.Build.0 = Release|x64
		{2DC8A03F-1C93-43C8-AD0A-DED48922A864}.Debug|Win32.ActiveCfg = Debug|Win32
		{2DC8A03F-1C93-43C8-AD0A-DED48922A864}.Debug|Win32.Build.0 = Debug|Win32
		{2DC8A03F-1C93-43C8-AD0A-DED48922A864}.Debug|x64.ActiveCfg = Debug|x64
		{2DC8A03F-1C93-43C8-AD0A-DED48922A864}.Debug|x64.Build.0 = Debug|x64
		{2DC8A03F-1C93-43C8-AD0A-DED48922A864}.Release|Win32.ActiveCfg = Release|Win32
		{2DC8A03F-1C93-43C8-AD0A-DED48922A864}.Release|Win32.Build.0 = Release|Win32
		{2DC8A03F-1C93-43C8-AD0A-DED48922A864}.Release|x64.ActiveCfg = Release|x64
		{2DC8A03F-1C93-43C8-AD0A-DED48922A864}.Release|x64.Build.0 = Release|x64
		{565E11A9-7842-4028-9E12-D0390277D19C}.Debug|Win32.ActiveCfg = Debug|Win32
		{565E11A9-7842-4028-9E12-D0390277D19C}.Debug|Win32.Build.0 = Debug|Win32
		{565E11A9-7842-4028-9E12-D0390277D19C}.Debug|x64.ActiveCfg = Debug|x64
		{565E11A9-7842-4028-9E12-D0390277D19C}.Debug|x64.Build.0 = Debug|x64
		{565E11A9-7842-4028-9E12-D0390277D19C}.Release|Win32.ActiveCfg = Release|Win32
		{565E11A9-7842-4028-9E12-D0390277D19C}.Release|Win32.Build.0 = Release|Win32
		{565E11A9-7842-4028-9E12-D0390277D19C}.Release|x64.ActiveCfg = Release|x64
		{565E11A9-7842-4028-9E12-D0390277D19C}.Release|x64.Build.0 = Release|x64
		{D1EFDE3F-3336-494F-9732-47A0F84BE22F}.Debug|Win32.ActiveCfg = Debug|Win32
		{D1EFDE3F-3336-494F-9732-47A0F84BE22F}.Debug|Win32.Build.0 = Debug|Win32
		{D1EFDE3F-3336-494F-9732-47A0F84BE22F}.Debug|x64.ActiveCfg = Debug|x64
		{D1EFDE3F-3336-494F-9732-47A0F84BE22F}.Debug|x64.Build.0 = Debug|x64
		{D1EFDE3F-3336-494F-9732-47A0F84BE22F}.Release|Win32.ActiveCfg = Release|Win32
		{D1EFDE3F-3336-494F-9732-47A0F84BE22F}.Release|Win32.Build.0 = Release|Win32
		{D1EFDE3F-3336-494F-9732-47A0F84BE22F}.Release|x64.ActiveCfg = Release|x64
		{D1EFDE3F-3336-494F-9732-47A0F84BE22F}.Release|x64.Build.0 = Release|x64
		{A1F7C22D-9491-4614-8EDB-609784C8EC5F}.Debug|Win32.ActiveCfg = Debug|Win32
		{A1F7C22D-9491-4614-8EDB-609784C8EC5F}.Debug|Win32.Build.0 = Debug|Win32
		{A1F7C22D-9491-4614-8EDB-609784C8EC5F}.Debug|x64.ActiveCfg = Debug|x64
		{A1F7C22D-9491-4614-8EDB-609784C8EC5F}.Debug|x64.Build.0 = Debug|x64
		{A1F7C22D-9491-4614-8EDB-609784C8EC5F}.Release|Win32.ActiveCfg = Release|Win32
		{A1F7C22D-9491-4614-8EDB-609784C8EC5F}.Release|Win32.Build.0 = Release|Win32
		{A1F7C22D-9491-4614-8EDB-609784C8EC5F}.Release|x64.ActiveCfg = Release|x64
		{A1F7C22D-9491-4614-8EDB-609784C8EC5F}.Release|x64.Build.0 = Release|x64
		{EC996101-E15D-4744-BCD3-2370A0BDD21A}.Debug|Win32.ActiveCfg = Debug|Win32
		{EC996101-E15D-4744-BCD3-2370A0BDD21A}.Debug|Win32.Build.0 = Debug|Win32
		{EC996101-E15D-4744-BCD3-2370A0BDD21A}.Debug|x64.ActiveCfg = Debug|x64
		{EC996101-E15D-4744-BCD3-2370A0BDD21A}.Debug|x64.Build.0 = Debug|x64
		{EC996101-E15D-4744-BCD3-2370A0BDD21A}.Release|Win32.ActiveCfg = Release|Win32
		{EC996101-E15D-4744-BCD3-2370A0BDD21A}.Release|Win32.Build.0 = Release|Win32
		{EC996101-E15D-4744-BCD3-2370A0BDD21A}.Release|x64.ActiveCfg = Release|x64
		{EC996101-E15D-4744-BCD3-2370A0BDD21A}.Release|x64.Build.0 = Release|x64
		{15D93BEF-2F4E-4CAB-92B0-373E70072681}.Debug|Win32.ActiveCfg = Debug|x86
		{15D93BEF-2F4E-4CAB-92B0-373E70072681}.Debug|Win32.Build.0 = Debug|x86
		{15D93BEF-2F4E-4CAB-92B0-373E70072681}.Debug|x64.ActiveCfg = Debug|x64
		{15D93BEF-2F4E-4CAB-92B0-373E70072681}.Debug|x64.Build.0 = Debug|x64
		{15D93BEF-2F4E-4CAB-92B0-373E70072681}.Release|Win32.ActiveCfg = Release|Any CPU
		{15D93BEF-2F4E-4CAB-92B0-373E70072681}.Release|Win32.Build.0 = Release|Any CPU
		{15D93BEF-2F4E-4CAB-92B0-373E70072681}.Release|x64.ActiveCfg = Release|x64
		{6AA96158-470B-4EF2-B397-A7BB1F98783C}.Debug|Win32.ActiveCfg = Debug|Win32
		{6AA96158-470B-4EF2-B397-A7BB1F98783C}.Debug|Win32.Build.0 = Debug|Win32
		{6AA96158-470B-4EF2-B397-A7BB1F98783C}.Debug|x64.ActiveCfg = Debug|x64
		{6AA96158-470B-4EF2-B397-A7BB1F98783C}.Debug|x64.Build.0 = Debug|x64
		{6AA96158-470B-4EF2-B397-A7BB1F98783C}.Release|Win32.ActiveCfg = Release|Win32
		{6AA96158-470B-4EF2-B397-A7BB1F98783C}.Release|Win32.Build.0 = Release|Win32
		{6AA96158-470B-4EF2-B397-A7BB1F98783C}.Release|x64.ActiveCfg = Release|x64
		{6AA96158-470B-4EF2-B397-A7BB1F98783C}.Release|x64.Build.0 = Release|x64
		{09F48454-B32E-42E5-8000-ACD70237B72A}.Debug|Win32.ActiveCfg = Debug|Win32
		{09F48454-B32E-42E5-8000-ACD70237B72A}.Debug|Win32.Build.0 = Debug|Win32
		{09F48454-B32E-42E5-8000-ACD70237B72A}.Debug|x64.ActiveCfg = Debug|x64
		{09F48454-B32E-42E5-8000-ACD70237B72A}.Debug|x64.Build.0 = Debug|x64
		{09F48454-B32E-42E5-8000-ACD70237B72A}.Release|Win32.ActiveCfg = Release|Win32
		{09F48454-B32E-42E5-8000-ACD70237B72A}.Release|Win32.Build.0 = Release|Win32
		{09F48454-B32E-42E5-8000-ACD70237B72A}.Release|x64.ActiveCfg = Release|x64
		{09F48454-B32E-42E5-8000-ACD70237B72A}.Release|x64.Build.0 = Release|x64
		{D6EB1641-656F-4AEE-936C-491AAD48B1B5}.Debug|Win32.ActiveCfg = Debug|Win32
		{D6EB1641-656F-4AEE-936C-491AAD48B1B5}.Debug|Win32.Build.0 = Debug|Win32
		{D6EB1641-656F-4AEE-936C-491AAD48B1B5}.Debug|x64.ActiveCfg = Debug|x64
		{D6EB1641-656F-4AEE-936C-491AAD48B1B5}.Debug|x64.Build.0 = Debug|x64
		{D6EB1641-656F-4AEE-936C-491AAD48B1B5}.Release|Win32.ActiveCfg = Release|Win32
		{D6EB1641-656F-4AEE-936C-491AAD48B1B5}.Release|Win32.Build.0 = Release|Win32
		{D6EB1641-656F-4AEE-936C-491AAD48B1B5}.Release|x64.ActiveCfg = Release|x64
		{D6EB1641-656F-4AEE-936C-491AAD48B1B5}.Release|x64.Build.0 = Release|x64
		{82E7EDB5-CD36-4A73-B561-CD8863AA941F}.Debug|Win32.ActiveCfg = Debug|Win32
		{82E7EDB5-CD36-4A73-B561-CD8863AA941F}.Debug|Win32.Build.0 = Debug|Win32
		{82E7EDB5-CD36-4A73-B561-CD8863AA941F}.Debug|x64.ActiveCfg = Debug|x64
		{82E7EDB5-CD36-4A73-B561-CD8863AA941F}.Debug|x64.Build.0 = Debug|x64
		{82E7EDB5-CD36-4A73-B561-CD8863AA941F}.Release|Win32.ActiveCfg = Release|Win32
		{82E7EDB5-CD36-4A73-B561-CD8863AA941F}.Release|Win32.Build.0 = Release|Win32
		{82E7EDB5-CD36-4A73-B561-CD8863AA941F}.Release|x64.ActiveCfg = Release|x64
		{82E7EDB5-CD36-4A73-B561-CD8863AA941F}.Release|x64.Build.0 = Release|x64
	EndGlobalSection
	GlobalSection(SolutionProperties) = preSolution
		HideSolutionNode = FALSE
	EndGlobalSection
EndGlobal
